{
  "name": "taggr-ui",
  "version": "1.0.0",
  "lockfileVersion": 2,
  "requires": true,
  "packages": {
    "": {
      "name": "taggr-ui",
      "version": "1.0.0",
      "license": "ISC",
      "dependencies": {
        "en-pos": "^1.0.16",
        "lexed": "^1.0.10"
      }
    },
    "node_modules/cities-list": {
      "version": "1.0.3",
      "resolved": "https://registry.npmjs.org/cities-list/-/cities-list-1.0.3.tgz",
      "integrity": "sha512-UadgzcZiV38TvJXlGymITRvvxaR5PtlrS2M+RJICyvRNp3TnOCPA/5ZZuRn8yG6SexKy1x9I+IwFctZ39XbI/Q=="
    },
    "node_modules/en-inflectors": {
      "version": "1.0.12",
      "resolved": "https://registry.npmjs.org/en-inflectors/-/en-inflectors-1.0.12.tgz",
      "integrity": "sha512-G9wwJMx9DQQzwom8J8e8ErVpI6h/Z5BpYusJCE2Q/2NfgBNYCesyNaCOOskZAhOrw2nmR4D8nYAv4Xv/INIbzw==",
      "dependencies": {
        "en-stemmer": "^1.0.2"
      }
    },
    "node_modules/en-lexicon": {
      "version": "1.0.11",
      "resolved": "https://registry.npmjs.org/en-lexicon/-/en-lexicon-1.0.11.tgz",
      "integrity": "sha512-eanOw9551H6jMRpRK023+Nlss5qnuAi99drXcSUzQySsMrB43teDNbin/AbpOfnemQiTtuZChXYm2kEIR1Mhmg==",
      "dependencies": {
        "en-inflectors": "^1.0.7"
      }
    },
    "node_modules/en-pos": {
      "version": "1.0.16",
      "resolved": "https://registry.npmjs.org/en-pos/-/en-pos-1.0.16.tgz",
      "integrity": "sha512-b/tYA8NNl2fuXn55deB81RwW6S9bJqgYjNMVmltUZxT1JZEzNsWvkZpKiXfOe4RlsB2t5O3s1B/BgnXDOAO1Zw==",
      "dependencies": {
        "cities-list": "^1.0.3",
        "en-inflectors": "^1.0.7",
        "en-lexicon": "^1.0.8",
        "humannames": "^1.0.5"
      }
    },
    "node_modules/en-stemmer": {
      "version": "1.0.3",
      "resolved": "https://registry.npmjs.org/en-stemmer/-/en-stemmer-1.0.3.tgz",
      "integrity": "sha512-sBeYsHLqZWACn/mTRLAMdYb/A53s55r4/nCB2UjKK96EBuRQ4t4GKl4V1pW/0hvzdncfYlZRT+JSIRxCtoYqbA=="
    },
    "node_modules/humannames": {
      "version": "1.0.5",
      "resolved": "https://registry.npmjs.org/humannames/-/humannames-1.0.5.tgz",
      "integrity": "sha512-FArOOhsfu1Rzc6wj8TZWTEpO/+TQOqhU0YNx+IyRaScE7HVanOwn8knN1OjjUngJOLaRqFSLjX0EzvMiNnT7zw=="
    },
    "node_modules/lexed": {
      "version": "1.0.10",
      "resolved": "https://registry.npmjs.org/lexed/-/lexed-1.0.10.tgz",
      "integrity": "sha512-EmLOEQK9F58dwoRN4ICvghtUmWKwL4JjDye3hh/R94VTv52hXVmMDn7vleLJNCeMg1t20+bOITRkUVJ286uakA=="
    }
  },
  "dependencies": {
    "cities-list": {
      "version": "1.0.3",
      "resolved": "https://registry.npmjs.org/cities-list/-/cities-list-1.0.3.tgz",
      "integrity": "sha512-UadgzcZiV38TvJXlGymITRvvxaR5PtlrS2M+RJICyvRNp3TnOCPA/5ZZuRn8yG6SexKy1x9I+IwFctZ39XbI/Q=="
    },
    "en-inflectors": {
      "version": "1.0.12",
      "resolved": "https://registry.npmjs.org/en-inflectors/-/en-inflectors-1.0.12.tgz",
      "integrity": "sha512-G9wwJMx9DQQzwom8J8e8ErVpI6h/Z5BpYusJCE2Q/2NfgBNYCesyNaCOOskZAhOrw2nmR4D8nYAv4Xv/INIbzw==",
      "requires": {
        "en-stemmer": "^1.0.2"
      }
    },
    "en-lexicon": {
      "version": "1.0.11",
      "resolved": "https://registry.npmjs.org/en-lexicon/-/en-lexicon-1.0.11.tgz",
      "integrity": "sha512-eanOw9551H6jMRpRK023+Nlss5qnuAi99drXcSUzQySsMrB43teDNbin/AbpOfnemQiTtuZChXYm2kEIR1Mhmg==",
      "requires": {
        "en-inflectors": "^1.0.7"
      }
    },
    "en-pos": {
      "version": "1.0.16",
      "resolved": "https://registry.npmjs.org/en-pos/-/en-pos-1.0.16.tgz",
      "integrity": "sha512-b/tYA8NNl2fuXn55deB81RwW6S9bJqgYjNMVmltUZxT1JZEzNsWvkZpKiXfOe4RlsB2t5O3s1B/BgnXDOAO1Zw==",
      "requires": {
        "cities-list": "^1.0.3",
        "en-inflectors": "^1.0.7",
        "en-lexicon": "^1.0.8",
        "humannames": "^1.0.5"
      }
    },
    "en-stemmer": {
      "version": "1.0.3",
      "resolved": "https://registry.npmjs.org/en-stemmer/-/en-stemmer-1.0.3.tgz",
      "integrity": "sha512-sBeYsHLqZWACn/mTRLAMdYb/A53s55r4/nCB2UjKK96EBuRQ4t4GKl4V1pW/0hvzdncfYlZRT+JSIRxCtoYqbA=="
    },
    "humannames": {
      "version": "1.0.5",
      "resolved": "https://registry.npmjs.org/humannames/-/humannames-1.0.5.tgz",
      "integrity": "sha512-FArOOhsfu1Rzc6wj8TZWTEpO/+TQOqhU0YNx+IyRaScE7HVanOwn8knN1OjjUngJOLaRqFSLjX0EzvMiNnT7zw=="
    },
    "lexed": {
      "version": "1.0.10",
      "resolved": "https://registry.npmjs.org/lexed/-/lexed-1.0.10.tgz",
      "integrity": "sha512-EmLOEQK9F58dwoRN4ICvghtUmWKwL4JjDye3hh/R94VTv52hXVmMDn7vleLJNCeMg1t20+bOITRkUVJ286uakA=="
    }
  }
}
